{
  "name": "@pubgo/lava-gateway-client",
  "version": "0.1.0",
  "lockfileVersion": 3,
  "requires": true,
  "packages": {
    "": {
      "name": "@pubgo/lava-gateway-client",
      "version": "0.1.0",
      "license": "MIT",
      "devDependencies": {
        "@protobuf-ts/runtime-rpc": "^2.11.1",
        "typescript": "^5.8.3"
      },
      "engines": {
        "node": ">=18"
      },
      "peerDependencies": {
        "@protobuf-ts/runtime-rpc": "^2.9.0"
      },
      "peerDependenciesMeta": {
        "@protobuf-ts/runtime-rpc": {
          "optional": true
        }
      }
    },
    "node_modules/@protobuf-ts/runtime": {
      "version": "2.11.1",
      "resolved": "https://registry.npmjs.org/@protobuf-ts/runtime/-/runtime-2.11.1.tgz",
      "integrity": "sha512-KuDaT1IfHkugM2pyz+FwiY80ejWrkH1pAtOBOZFuR6SXEFTsnb/jiQWQ1rCIrcKx2BtyxnxW6BWwsVSA/Ie+WQ==",
      "dev": true,
      "license": "(Apache-2.0 AND BSD-3-Clause)"
    },
    "node_modules/@protobuf-ts/runtime-rpc": {
      "version": "2.11.1",
      "resolved": "https://registry.npmjs.org/@protobuf-ts/runtime-rpc/-/runtime-rpc-2.11.1.tgz",
      "integrity": "sha512-4CqqUmNA+/uMz00+d3CYKgElXO9VrEbucjnBFEjqI4GuDrEQ32MaI3q+9qPBvIGOlL4PmHXrzM32vBPWRhQKWQ==",
      "dev": true,
      "license": "Apache-2.0",
      "dependencies": {
        "@protobuf-ts/runtime": "^2.11.1"
      }
    },
    "node_modules/typescript": {
      "version": "5.9.3",
      "resolved": "https://registry.npmjs.org/typescript/-/typescript-5.9.3.tgz",
      "integrity": "sha512-jl1vZzPDinLr9eUt3J/t7V6FgNEw9QjvBPdysz9KfQDD41fQrC2Y4vKQdiaUpFT4bXlb1RHhLpp8wtm6M5TgSw==",
      "dev": true,
      "license": "Apache-2.0",
      "bin": {
        "tsc": "bin/tsc",
        "tsserver": "bin/tsserver"
      },
      "engines": {
        "node": ">=14.17"
      }
    }
  }
}
